// !$*UTF8*$!
{
	archiveVersion = 1;
	classes = {
	};
	objectVersion = 46;
	objects = {

/* Begin PBXBuildFile section */
		1830A9821EBC5A0F0053EF56 /* main.m in Sources */ = {isa = PBXBuildFile; fileRef = 1830A9811EBC5A0F0053EF56 /* main.m */; };
		1830A9901EBC5A0F0053EF56 /* LaunchScreen.storyboard in Resources */ = {isa = PBXBuildFile; fileRef = 1830A98E1EBC5A0F0053EF56 /* LaunchScreen.storyboard */; };
		1830A99C1EBC5A6F0053EF56 /* img.png in Resources */ = {isa = PBXBuildFile; fileRef = 1830A9971EBC5A6F0053EF56 /* img.png */; };
		1830A99D1EBC5A6F0053EF56 /* DBObj.m in Sources */ = {isa = PBXBuildFile; fileRef = 1830A9991EBC5A6F0053EF56 /* DBObj.m */; };
		1830A99E1EBC5A6F0053EF56 /* UserInfo.m in Sources */ = {isa = PBXBuildFile; fileRef = 1830A99B1EBC5A6F0053EF56 /* UserInfo.m */; };
		1830A9A91EBC5B1E0053EF56 /* AppDelegate.m in Sources */ = {isa = PBXBuildFile; fileRef = 1830A9A51EBC5B1E0053EF56 /* AppDelegate.m */; };
		1830A9AA1EBC5B1E0053EF56 /* Main.storyboard in Resources */ = {isa = PBXBuildFile; fileRef = 1830A9A61EBC5B1E0053EF56 /* Main.storyboard */; };
		1830A9AB1EBC5B1E0053EF56 /* ViewController.m in Sources */ = {isa = PBXBuildFile; fileRef = 1830A9A81EBC5B1E0053EF56 /* ViewController.m */; };
		1830A9AE1EBC5C990053EF56 /* libsqlite3.0.tbd in Frameworks */ = {isa = PBXBuildFile; fileRef = 1830A9AD1EBC5C990053EF56 /* libsqlite3.0.tbd */; };
		1830A9AF1EBC5CD60053EF56 /* YUDBModel.framework in Frameworks */ = {isa = PBXBuildFile; fileRef = 1830A9A21EBC5A9F0053EF56 /* YUDBModel.framework */; };
		183543591EC196AB0060C3D1 /* README.md in Sources */ = {isa = PBXBuildFile; fileRef = 183543581EC196AB0060C3D1 /* README.md */; };
/* End PBXBuildFile section */

/* Begin PBXFileReference section */
		1830A97D1EBC5A0F0053EF56 /* YUDBModel.app */ = {isa = PBXFileReference; explicitFileType = wrapper.application; includeInIndex = 0; path = YUDBModel.app; sourceTree = BUILT_PRODUCTS_DIR; };
		1830A9811EBC5A0F0053EF56 /* main.m */ = {isa = PBXFileReference; lastKnownFileType = sourcecode.c.objc; path = main.m; sourceTree = "<group>"; };
		1830A98F1EBC5A0F0053EF56 /* Base */ = {isa = PBXFileReference; lastKnownFileType = file.storyboard; name = Base; path = Base.lproj/LaunchScreen.storyboard; sourceTree = "<group>"; };
		1830A9911EBC5A0F0053EF56 /* Info.plist */ = {isa = PBXFileReference; lastKnownFileType = text.plist.xml; path = Info.plist; sourceTree = "<group>"; };
		1830A9971EBC5A6F0053EF56 /* img.png */ = {isa = PBXFileReference; lastKnownFileType = image.png; path = img.png; sourceTree = "<group>"; };
		1830A9981EBC5A6F0053EF56 /* DBObj.h */ = {isa = PBXFileReference; fileEncoding = 4; lastKnownFileType = sourcecode.c.h; path = DBObj.h; sourceTree = "<group>"; };
		1830A9991EBC5A6F0053EF56 /* DBObj.m */ = {isa = PBXFileReference; fileEncoding = 4; lastKnownFileType = sourcecode.c.objc; path = DBObj.m; sourceTree = "<group>"; };
		1830A99A1EBC5A6F0053EF56 /* UserInfo.h */ = {isa = PBXFileReference; fileEncoding = 4; lastKnownFileType = sourcecode.c.h; path = UserInfo.h; sourceTree = "<group>"; };
		1830A99B1EBC5A6F0053EF56 /* UserInfo.m */ = {isa = PBXFileReference; fileEncoding = 4; lastKnownFileType = sourcecode.c.objc; path = UserInfo.m; sourceTree = "<group>"; };
		1830A9A21EBC5A9F0053EF56 /* YUDBModel.framework */ = {isa = PBXFileReference; lastKnownFileType = wrapper.framework; path = YUDBModel.framework; sourceTree = "<group>"; };
		1830A9A41EBC5B1E0053EF56 /* AppDelegate.h */ = {isa = PBXFileReference; fileEncoding = 4; lastKnownFileType = sourcecode.c.h; path = AppDelegate.h; sourceTree = "<group>"; };
		1830A9A51EBC5B1E0053EF56 /* AppDelegate.m */ = {isa = PBXFileReference; fileEncoding = 4; lastKnownFileType = sourcecode.c.objc; path = AppDelegate.m; sourceTree = "<group>"; };
		1830A9A61EBC5B1E0053EF56 /* Main.storyboard */ = {isa = PBXFileReference; fileEncoding = 4; lastKnownFileType = file.storyboard; path = Main.storyboard; sourceTree = "<group>"; };
		1830A9A71EBC5B1E0053EF56 /* ViewController.h */ = {isa = PBXFileReference; fileEncoding = 4; lastKnownFileType = sourcecode.c.h; path = ViewController.h; sourceTree = "<group>"; };
		1830A9A81EBC5B1E0053EF56 /* ViewController.m */ = {isa = PBXFileReference; fileEncoding = 4; lastKnownFileType = sourcecode.c.objc; path = ViewController.m; sourceTree = "<group>"; };
		1830A9AD1EBC5C990053EF56 /* libsqlite3.0.tbd */ = {isa = PBXFileReference; lastKnownFileType = "sourcecode.text-based-dylib-definition"; name = libsqlite3.0.tbd; path = usr/lib/libsqlite3.0.tbd; sourceTree = SDKROOT; };
		183543581EC196AB0060C3D1 /* README.md */ = {isa = PBXFileReference; fileEncoding = 4; lastKnownFileType = net.daringfireball.markdown; name = README.md; path = ../README.md; sourceTree = "<group>"; };
/* End PBXFileReference section */

/* Begin PBXFrameworksBuildPhase section */
		1830A97A1EBC5A0F0053EF56 /* Frameworks */ = {
			isa = PBXFrameworksBuildPhase;
			buildActionMask = 2147483647;
			files = (
				1830A9AE1EBC5C990053EF56 /* libsqlite3.0.tbd in Frameworks */,
				1830A9AF1EBC5CD60053EF56 /* YUDBModel.framework in Frameworks */,
			);
			runOnlyForDeploymentPostprocessing = 0;
		};
/* End PBXFrameworksBuildPhase section */

/* Begin PBXGroup section */
		1830A9741EBC5A0F0053EF56 = {
			isa = PBXGroup;
			children = (
				183543581EC196AB0060C3D1 /* README.md */,
				1830A97F1EBC5A0F0053EF56 /* YUDBModel */,
				1830A97E1EBC5A0F0053EF56 /* Products */,
				1830A9AC1EBC5C990053EF56 /* Frameworks */,
			);
			sourceTree = "<group>";
		};
		1830A97E1EBC5A0F0053EF56 /* Products */ = {
			isa = PBXGroup;
			children = (
				1830A97D1EBC5A0F0053EF56 /* YUDBModel.app */,
			);
			name = Products;
			sourceTree = "<group>";
		};
		1830A97F1EBC5A0F0053EF56 /* YUDBModel */ = {
			isa = PBXGroup;
			children = (
				1830A9A11EBC5A9F0053EF56 /* YUDBModel */,
				1830A9971EBC5A6F0053EF56 /* img.png */,
				1830A9981EBC5A6F0053EF56 /* DBObj.h */,
				1830A9991EBC5A6F0053EF56 /* DBObj.m */,
				1830A99A1EBC5A6F0053EF56 /* UserInfo.h */,
				1830A99B1EBC5A6F0053EF56 /* UserInfo.m */,
				1830A9A41EBC5B1E0053EF56 /* AppDelegate.h */,
				1830A9A51EBC5B1E0053EF56 /* AppDelegate.m */,
				1830A9801EBC5A0F0053EF56 /* Supporting Files */,
			);
			path = YUDBModel;
			sourceTree = "<group>";
		};
		1830A9801EBC5A0F0053EF56 /* Supporting Files */ = {
			isa = PBXGroup;
			children = (
				1830A9A71EBC5B1E0053EF56 /* ViewController.h */,
				1830A9A81EBC5B1E0053EF56 /* ViewController.m */,
				1830A9A61EBC5B1E0053EF56 /* Main.storyboard */,
				1830A9911EBC5A0F0053EF56 /* Info.plist */,
				1830A98E1EBC5A0F0053EF56 /* LaunchScreen.storyboard */,
				1830A9811EBC5A0F0053EF56 /* main.m */,
			);
			name = "Supporting Files";
			sourceTree = "<group>";
		};
		1830A9A11EBC5A9F0053EF56 /* YUDBModel */ = {
			isa = PBXGroup;
			children = (
				1830A9A21EBC5A9F0053EF56 /* YUDBModel.framework */,
			);
			path = YUDBModel;
			sourceTree = "<group>";
		};
		1830A9AC1EBC5C990053EF56 /* Frameworks */ = {
			isa = PBXGroup;
			children = (
				1830A9AD1EBC5C990053EF56 /* libsqlite3.0.tbd */,
			);
			name = Frameworks;
			sourceTree = "<group>";
		};
/* End PBXGroup section */

/* Begin PBXNativeTarget section */
		1830A97C1EBC5A0F0053EF56 /* YUDBModel */ = {
			isa = PBXNativeTarget;
			buildConfigurationList = 1830A9941EBC5A0F0053EF56 /* Build configuration list for PBXNativeTarget "YUDBModel" */;
			buildPhases = (
				1830A9791EBC5A0F0053EF56 /* Sources */,
				1830A97A1EBC5A0F0053EF56 /* Frameworks */,
				1830A97B1EBC5A0F0053EF56 /* Resources */,
			);
			buildRules = (
			);
			dependencies = (
			);
			name = YUDBModel;
			productName = YUDBModel;
			productReference = 1830A97D1EBC5A0F0053EF56 /* YUDBModel.app */;
			productType = "com.apple.product-type.application";
		};
/* End PBXNativeTarget section */

/* Begin PBXProject section */
		1830A9751EBC5A0F0053EF56 /* Project object */ = {
			isa = PBXProject;
			attributes = {
				LastUpgradeCheck = 0830;
				ORGANIZATIONNAME = bruce;
				TargetAttributes = {
					1830A97C1EBC5A0F0053EF56 = {
						CreatedOnToolsVersion = 8.3.2;
						DevelopmentTeam = JDX99F375A;
						ProvisioningStyle = Automatic;
					};
				};
			};
			buildConfigurationList = 1830A9781EBC5A0F0053EF56 /* Build configuration list for PBXProject "YUDBModel" */;
			compatibilityVersion = "Xcode 3.2";
			developmentRegion = English;
			hasScannedForEncodings = 0;
			knownRegions = (
				en,
				Base,
			);
			mainGroup = 1830A9741EBC5A0F0053EF56;
			productRefGroup = 1830A97E1EBC5A0F0053EF56 /* Products */;
			projectDirPath = "";
			projectRoot = "";
			targets = (
				1830A97C1EBC5A0F0053EF56 /* YUDBModel */,
			);
		};
/* End PBXProject section */

/* Begin PBXResourcesBuildPhase section */
		1830A97B1EBC5A0F0053EF56 /* Resources */ = {
			isa = PBXResourcesBuildPhase;
			buildActionMask = 2147483647;
			files = (
				1830A9AA1EBC5B1E0053EF56 /* Main.storyboard in Resources */,
				1830A9901EBC5A0F0053EF56 /* LaunchScreen.storyboard in Resources */,
				1830A99C1EBC5A6F0053EF56 /* img.png in Resources */,
			);
			runOnlyForDeploymentPostprocessing = 0;
		};
/* End PBXResourcesBuildPhase section */

/* Begin PBXSourcesBuildPhase section */
		1830A9791EBC5A0F0053EF56 /* Sources */ = {
			isa = PBXSourcesBuildPhase;
			buildActionMask = 2147483647;
			files = (
				183543591EC196AB0060C3D1 /* README.md in Sources */,
				1830A9A91EBC5B1E0053EF56 /* AppDelegate.m in Sources */,
				1830A9821EBC5A0F0053EF56 /* main.m in Sources */,
				1830A99E1EBC5A6F0053EF56 /* UserInfo.m in Sources */,
				1830A99D1EBC5A6F0053EF56 /* DBObj.m in Sources */,
				1830A9AB1EBC5B1E0053EF56 /* ViewController.m in Sources */,
			);
			runOnlyForDeploymentPostprocessing = 0;
		};
/* End PBXSourcesBuildPhase section */

/* Begin PBXVariantGroup section */
		1830A98E1EBC5A0F0053EF56 /* LaunchScreen.storyboard */ = {
			isa = PBXVariantGroup;
			children = (
				1830A98F1EBC5A0F0053EF56 /* Base */,
			);
			name = LaunchScreen.storyboard;
			sourceTree = "<group>";
		};
/* End PBXVariantGroup section */

/* Begin XCBuildConfiguration section */
		1830A9921EBC5A0F0053EF56 /* Debug */ = {
			isa = XCBuildConfiguration;
			buildSettings = {
				ALWAYS_SEARCH_USER_PATHS = NO;
				CLANG_ANALYZER_NONNULL = YES;
				CLANG_ANALYZER_NUMBER_OBJECT_CONVERSION = YES_AGGRESSIVE;
				CLANG_CXX_LANGUAGE_STANDARD = "gnu++0x";
				CLANG_CXX_LIBRARY = "libc++";
				CLANG_ENABLE_MODULES = YES;
				CLANG_ENABLE_OBJC_ARC = YES;
				CLANG_WARN_BOOL_CONVERSION = YES;
				CLANG_WARN_CONSTANT_CONVERSION = YES;
				CLANG_WARN_DIRECT_OBJC_ISA_USAGE = YES_ERROR;
				CLANG_WARN_DOCUMENTATION_COMMENTS = YES;
				CLANG_WARN_EMPTY_BODY = YES;
				CLANG_WARN_ENUM_CONVERSION = YES;
				CLANG_WARN_INFINITE_RECURSION = YES;
				CLANG_WARN_INT_CONVERSION = YES;
				CLANG_WARN_OBJC_ROOT_CLASS = YES_ERROR;
				CLANG_WARN_SUSPICIOUS_MOVE = YES;
				CLANG_WARN_UNREACHABLE_CODE = YES;
				CLANG_WARN__DUPLICATE_METHOD_MATCH = YES;
				"CODE_SIGN_IDENTITY[sdk=iphoneos*]" = "iPhone Developer";
				COPY_PHASE_STRIP = NO;
				DEBUG_INFORMATION_FORMAT = dwarf;
				ENABLE_STRICT_OBJC_MSGSEND = YES;
				ENABLE_TESTABILITY = YES;
				GCC_C_LANGUAGE_STANDARD = gnu99;
				GCC_DYNAMIC_NO_PIC = NO;
				GCC_NO_COMMON_BLOCKS = YES;
				GCC_OPTIMIZATION_LEVEL = 0;
				GCC_PREPROCESSOR_DEFINITIONS = (
					"DEBUG=1",
					"$(inherited)",
				);
				GCC_WARN_64_TO_32_BIT_CONVERSION = YES;
				GCC_WARN_ABOUT_RETURN_TYPE = YES_ERROR;
				GCC_WARN_UNDECLARED_SELECTOR = YES;
				GCC_WARN_UNINITIALIZED_AUTOS = YES_AGGRESSIVE;
				GCC_WARN_UNUSED_FUNCTION = YES;
				GCC_WARN_UNUSED_VARIABLE = YES;
				IPHONEOS_DEPLOYMENT_TARGET = 10.3;
				MTL_ENABLE_DEBUG_INFO = YES;
				ONLY_ACTIVE_ARCH = YES;
				SDKROOT = iphoneos;
			};
			name = Debug;
		};
		1830A9931EBC5A0F0053EF56 /* Release */ = {
			isa = XCBuildConfiguration;
			buildSettings = {
				ALWAYS_SEARCH_USER_PATHS = NO;
				CLANG_ANALYZER_NONNULL = YES;
				CLANG_ANALYZER_NUMBER_OBJECT_CONVERSION = YES_AGGRESSIVE;
				CLANG_CXX_LANGUAGE_STANDARD = "gnu++0x";
				CLANG_CXX_LIBRARY = "libc++";
				CLANG_ENABLE_MODULES = YES;
				CLANG_ENABLE_OBJC_ARC = YES;
				CLANG_WARN_BOOL_CONVERSION = YES;
				CLANG_WARN_CONSTANT_CONVERSION = YES;
				CLANG_WARN_DIRECT_OBJC_ISA_USAGE = YES_ERROR;
				CLANG_WARN_DOCUMENTATION_COMMENTS = YES;
				CLANG_WARN_EMPTY_BODY = YES;
				CLANG_WARN_ENUM_CONVERSION = YES;
				CLANG_WARN_INFINITE_RECURSION = YES;
				CLANG_WARN_INT_CONVERSION = YES;
				CLANG_WARN_OBJC_ROOT_CLASS = YES_ERROR;
				CLANG_WARN_SUSPICIOUS_MOVE = YES;
				CLANG_WARN_UNREACHABLE_CODE = YES;
				CLANG_WARN__DUPLICATE_METHOD_MATCH = YES;
				"CODE_SIGN_IDENTITY[sdk=iphoneos*]" = "iPhone Developer";
				COPY_PHASE_STRIP = NO;
				DEBUG_INFORMATION_FORMAT = "dwarf-with-dsym";
				ENABLE_NS_ASSERTIONS = NO;
				ENABLE_STRICT_OBJC_MSGSEND = YES;
				GCC_C_LANGUAGE_STANDARD = gnu99;
				GCC_NO_COMMON_BLOCKS = YES;
				GCC_WARN_64_TO_32_BIT_CONVERSION = YES;
				GCC_WARN_ABOUT_RETURN_TYPE = YES_ERROR;
				GCC_WARN_UNDECLARED_SELECTOR = YES;
				GCC_WARN_UNINITIALIZED_AUTOS = YES_AGGRESSIVE;
				GCC_WARN_UNUSED_FUNCTION = YES;
				GCC_WARN_UNUSED_VARIABLE = YES;
				IPHONEOS_DEPLOYMENT_TARGET = 10.3;
				MTL_ENABLE_DEBUG_INFO = NO;
				SDKROOT = iphoneos;
				VALIDATE_PRODUCT = YES;
			};
			name = Release;
		};
		1830A9951EBC5A0F0053EF56 /* Debug */ = {
			isa = XCBuildConfiguration;
			buildSettings = {
				DEVELOPMENT_TEAM = JDX99F375A;
				FRAMEWORK_SEARCH_PATHS = (
					"$(inherited)",
					"$(PROJECT_DIR)",
					"$(PROJECT_DIR)/YUDBModel/YUDBModel",
				);
				INFOPLIST_FILE = YUDBModel/Info.plist;
				IPHONEOS_DEPLOYMENT_TARGET = 8.0;
				LD_RUNPATH_SEARCH_PATHS = "$(inherited) @executable_path/Frameworks";
				OTHER_LDFLAGS = "-ObjC";
				PRODUCT_BUNDLE_IDENTIFIER = com.bruce.YUDBModel;
				PRODUCT_NAME = "$(TARGET_NAME)";
			};
			name = Debug;
		};
		1830A9961EBC5A0F0053EF56 /* Release */ = {
			isa = XCBuildConfiguration;
			buildSettings = {
				DEVELOPMENT_TEAM = JDX99F375A;
				FRAMEWORK_SEARCH_PATHS = (
					"$(inherited)",
					"$(PROJECT_DIR)",
					"$(PROJECT_DIR)/YUDBModel/YUDBModel",
				);
				INFOPLIST_FILE = YUDBModel/Info.plist;
				IPHONEOS_DEPLOYMENT_TARGET = 8.0;
				LD_RUNPATH_SEARCH_PATHS = "$(inherited) @executable_path/Frameworks";
				OTHER_LDFLAGS = "-ObjC";
				PRODUCT_BUNDLE_IDENTIFIER = com.bruce.YUDBModel;
				PRODUCT_NAME = "$(TARGET_NAME)";
			};
			name = Release;
		};
/* End XCBuildConfiguration section */

/* Begin XCConfigurationList section */
		1830A9781EBC5A0F0053EF56 /* Build configuration list for PBXProject "YUDBModel" */ = {
			isa = XCConfigurationList;
			buildConfigurations = (
				1830A9921EBC5A0F0053EF56 /* Debug */,
				1830A9931EBC5A0F0053EF56 /* Release */,
			);
			defaultConfigurationIsVisible = 0;
			defaultConfigurationName = Release;
		};
		1830A9941EBC5A0F0053EF56 /* Build configuration list for PBXNativeTarget "YUDBModel" */ = {
			isa = XCConfigurationList;
			buildConfigurations = (
				1830A9951EBC5A0F0053EF56 /* Debug */,
				1830A9961EBC5A0F0053EF56 /* Release */,
			);
			defaultConfigurationIsVisible = 0;
			defaultConfigurationName = Release;
		};
/* End XCConfigurationList section */
	};
	rootObject = 1830A9751EBC5A0F0053EF56 /* Project object */;
}
