// !$*UTF8*$!
{
	archiveVersion = 1;
	classes = {
	};
	objectVersion = 46;
	objects = {

/* Begin PBXBuildFile section */
		673F222C1B90BE6C00C58285 /* main.m in Sources */ = {isa = PBXBuildFile; fileRef = 673F222B1B90BE6C00C58285 /* main.m */; };
		673F222F1B90BE6C00C58285 /* AppDelegate.m in Sources */ = {isa = PBXBuildFile; fileRef = 673F222E1B90BE6C00C58285 /* AppDelegate.m */; };
		673F22321B90BE6C00C58285 /* ViewController.m in Sources */ = {isa = PBXBuildFile; fileRef = 673F22311B90BE6C00C58285 /* ViewController.m */; };
		673F22351B90BE6C00C58285 /* Main.storyboard in Resources */ = {isa = PBXBuildFile; fileRef = 673F22331B90BE6C00C58285 /* Main.storyboard */; };
		673F22371B90BE6C00C58285 /* Images.xcassets in Resources */ = {isa = PBXBuildFile; fileRef = 673F22361B90BE6C00C58285 /* Images.xcassets */; };
		673F223A1B90BE6C00C58285 /* LaunchScreen.xib in Resources */ = {isa = PBXBuildFile; fileRef = 673F22381B90BE6C00C58285 /* LaunchScreen.xib */; };
		673F22461B90BE6C00C58285 /* YUDBObjectSampleTests.m in Sources */ = {isa = PBXBuildFile; fileRef = 673F22451B90BE6C00C58285 /* YUDBObjectSampleTests.m */; };
		673F22501B90C1B000C58285 /* YUDBFramework.framework in Frameworks */ = {isa = PBXBuildFile; fileRef = 673F224F1B90C1B000C58285 /* YUDBFramework.framework */; };
		673F22551B90C1E900C58285 /* DBObj.m in Sources */ = {isa = PBXBuildFile; fileRef = 673F22521B90C1E900C58285 /* DBObj.m */; };
		673F22561B90C1E900C58285 /* UserInfo.m in Sources */ = {isa = PBXBuildFile; fileRef = 673F22541B90C1E900C58285 /* UserInfo.m */; };
		673F22571B90C20B00C58285 /* YUDBFramework.framework in Frameworks */ = {isa = PBXBuildFile; fileRef = 673F224F1B90C1B000C58285 /* YUDBFramework.framework */; };
		673F22581B90C20B00C58285 /* YUDBFramework.framework in Embed Frameworks */ = {isa = PBXBuildFile; fileRef = 673F224F1B90C1B000C58285 /* YUDBFramework.framework */; settings = {ATTRIBUTES = (CodeSignOnCopy, RemoveHeadersOnCopy, ); }; };
/* End PBXBuildFile section */

/* Begin PBXContainerItemProxy section */
		673F22401B90BE6C00C58285 /* PBXContainerItemProxy */ = {
			isa = PBXContainerItemProxy;
			containerPortal = 673F221E1B90BE6C00C58285 /* Project object */;
			proxyType = 1;
			remoteGlobalIDString = 673F22251B90BE6C00C58285;
			remoteInfo = YUDBObjectSample;
		};
/* End PBXContainerItemProxy section */

/* Begin PBXCopyFilesBuildPhase section */
		673F22591B90C20C00C58285 /* Embed Frameworks */ = {
			isa = PBXCopyFilesBuildPhase;
			buildActionMask = 2147483647;
			dstPath = "";
			dstSubfolderSpec = 10;
			files = (
				673F22581B90C20B00C58285 /* YUDBFramework.framework in Embed Frameworks */,
			);
			name = "Embed Frameworks";
			runOnlyForDeploymentPostprocessing = 0;
		};
/* End PBXCopyFilesBuildPhase section */

/* Begin PBXFileReference section */
		673F22261B90BE6C00C58285 /* YUDBObjectSample.app */ = {isa = PBXFileReference; explicitFileType = wrapper.application; includeInIndex = 0; path = YUDBObjectSample.app; sourceTree = BUILT_PRODUCTS_DIR; };
		673F222A1B90BE6C00C58285 /* Info.plist */ = {isa = PBXFileReference; lastKnownFileType = text.plist.xml; path = Info.plist; sourceTree = "<group>"; };
		673F222B1B90BE6C00C58285 /* main.m */ = {isa = PBXFileReference; lastKnownFileType = sourcecode.c.objc; path = main.m; sourceTree = "<group>"; };
		673F222D1B90BE6C00C58285 /* AppDelegate.h */ = {isa = PBXFileReference; lastKnownFileType = sourcecode.c.h; path = AppDelegate.h; sourceTree = "<group>"; };
		673F222E1B90BE6C00C58285 /* AppDelegate.m */ = {isa = PBXFileReference; lastKnownFileType = sourcecode.c.objc; path = AppDelegate.m; sourceTree = "<group>"; };
		673F22301B90BE6C00C58285 /* ViewController.h */ = {isa = PBXFileReference; lastKnownFileType = sourcecode.c.h; path = ViewController.h; sourceTree = "<group>"; };
		673F22311B90BE6C00C58285 /* ViewController.m */ = {isa = PBXFileReference; lastKnownFileType = sourcecode.c.objc; path = ViewController.m; sourceTree = "<group>"; };
		673F22341B90BE6C00C58285 /* Base */ = {isa = PBXFileReference; lastKnownFileType = file.storyboard; name = Base; path = Base.lproj/Main.storyboard; sourceTree = "<group>"; };
		673F22361B90BE6C00C58285 /* Images.xcassets */ = {isa = PBXFileReference; lastKnownFileType = folder.assetcatalog; path = Images.xcassets; sourceTree = "<group>"; };
		673F22391B90BE6C00C58285 /* Base */ = {isa = PBXFileReference; lastKnownFileType = file.xib; name = Base; path = Base.lproj/LaunchScreen.xib; sourceTree = "<group>"; };
		673F223F1B90BE6C00C58285 /* YUDBObjectSampleTests.xctest */ = {isa = PBXFileReference; explicitFileType = wrapper.cfbundle; includeInIndex = 0; path = YUDBObjectSampleTests.xctest; sourceTree = BUILT_PRODUCTS_DIR; };
		673F22441B90BE6C00C58285 /* Info.plist */ = {isa = PBXFileReference; lastKnownFileType = text.plist.xml; path = Info.plist; sourceTree = "<group>"; };
		673F22451B90BE6C00C58285 /* YUDBObjectSampleTests.m */ = {isa = PBXFileReference; lastKnownFileType = sourcecode.c.objc; path = YUDBObjectSampleTests.m; sourceTree = "<group>"; };
		673F224F1B90C1B000C58285 /* YUDBFramework.framework */ = {isa = PBXFileReference; lastKnownFileType = wrapper.framework; path = YUDBFramework.framework; sourceTree = "<group>"; };
		673F22511B90C1E900C58285 /* DBObj.h */ = {isa = PBXFileReference; fileEncoding = 4; lastKnownFileType = sourcecode.c.h; path = DBObj.h; sourceTree = "<group>"; };
		673F22521B90C1E900C58285 /* DBObj.m */ = {isa = PBXFileReference; fileEncoding = 4; lastKnownFileType = sourcecode.c.objc; path = DBObj.m; sourceTree = "<group>"; };
		673F22531B90C1E900C58285 /* UserInfo.h */ = {isa = PBXFileReference; fileEncoding = 4; lastKnownFileType = sourcecode.c.h; path = UserInfo.h; sourceTree = "<group>"; };
		673F22541B90C1E900C58285 /* UserInfo.m */ = {isa = PBXFileReference; fileEncoding = 4; lastKnownFileType = sourcecode.c.objc; path = UserInfo.m; sourceTree = "<group>"; };
/* End PBXFileReference section */

/* Begin PBXFrameworksBuildPhase section */
		673F22231B90BE6C00C58285 /* Frameworks */ = {
			isa = PBXFrameworksBuildPhase;
			buildActionMask = 2147483647;
			files = (
				673F22501B90C1B000C58285 /* YUDBFramework.framework in Frameworks */,
				673F22571B90C20B00C58285 /* YUDBFramework.framework in Frameworks */,
			);
			runOnlyForDeploymentPostprocessing = 0;
		};
		673F223C1B90BE6C00C58285 /* Frameworks */ = {
			isa = PBXFrameworksBuildPhase;
			buildActionMask = 2147483647;
			files = (
			);
			runOnlyForDeploymentPostprocessing = 0;
		};
/* End PBXFrameworksBuildPhase section */

/* Begin PBXGroup section */
		673F221D1B90BE6C00C58285 = {
			isa = PBXGroup;
			children = (
				673F22281B90BE6C00C58285 /* YUDBObjectSample */,
				673F22421B90BE6C00C58285 /* YUDBObjectSampleTests */,
				673F22271B90BE6C00C58285 /* Products */,
			);
			sourceTree = "<group>";
		};
		673F22271B90BE6C00C58285 /* Products */ = {
			isa = PBXGroup;
			children = (
				673F22261B90BE6C00C58285 /* YUDBObjectSample.app */,
				673F223F1B90BE6C00C58285 /* YUDBObjectSampleTests.xctest */,
			);
			name = Products;
			sourceTree = "<group>";
		};
		673F22281B90BE6C00C58285 /* YUDBObjectSample */ = {
			isa = PBXGroup;
			children = (
				673F224F1B90C1B000C58285 /* YUDBFramework.framework */,
				673F222D1B90BE6C00C58285 /* AppDelegate.h */,
				673F222E1B90BE6C00C58285 /* AppDelegate.m */,
				673F22301B90BE6C00C58285 /* ViewController.h */,
				673F22311B90BE6C00C58285 /* ViewController.m */,
				673F22511B90C1E900C58285 /* DBObj.h */,
				673F22521B90C1E900C58285 /* DBObj.m */,
				673F22531B90C1E900C58285 /* UserInfo.h */,
				673F22541B90C1E900C58285 /* UserInfo.m */,
				673F22331B90BE6C00C58285 /* Main.storyboard */,
				673F22361B90BE6C00C58285 /* Images.xcassets */,
				673F22381B90BE6C00C58285 /* LaunchScreen.xib */,
				673F22291B90BE6C00C58285 /* Supporting Files */,
			);
			path = YUDBObjectSample;
			sourceTree = "<group>";
		};
		673F22291B90BE6C00C58285 /* Supporting Files */ = {
			isa = PBXGroup;
			children = (
				673F222A1B90BE6C00C58285 /* Info.plist */,
				673F222B1B90BE6C00C58285 /* main.m */,
			);
			name = "Supporting Files";
			sourceTree = "<group>";
		};
		673F22421B90BE6C00C58285 /* YUDBObjectSampleTests */ = {
			isa = PBXGroup;
			children = (
				673F22451B90BE6C00C58285 /* YUDBObjectSampleTests.m */,
				673F22431B90BE6C00C58285 /* Supporting Files */,
			);
			path = YUDBObjectSampleTests;
			sourceTree = "<group>";
		};
		673F22431B90BE6C00C58285 /* Supporting Files */ = {
			isa = PBXGroup;
			children = (
				673F22441B90BE6C00C58285 /* Info.plist */,
			);
			name = "Supporting Files";
			sourceTree = "<group>";
		};
/* End PBXGroup section */

/* Begin PBXNativeTarget section */
		673F22251B90BE6C00C58285 /* YUDBObjectSample */ = {
			isa = PBXNativeTarget;
			buildConfigurationList = 673F22491B90BE6C00C58285 /* Build configuration list for PBXNativeTarget "YUDBObjectSample" */;
			buildPhases = (
				673F22221B90BE6C00C58285 /* Sources */,
				673F22231B90BE6C00C58285 /* Frameworks */,
				673F22241B90BE6C00C58285 /* Resources */,
				673F22591B90C20C00C58285 /* Embed Frameworks */,
			);
			buildRules = (
			);
			dependencies = (
			);
			name = YUDBObjectSample;
			productName = YUDBObjectSample;
			productReference = 673F22261B90BE6C00C58285 /* YUDBObjectSample.app */;
			productType = "com.apple.product-type.application";
		};
		673F223E1B90BE6C00C58285 /* YUDBObjectSampleTests */ = {
			isa = PBXNativeTarget;
			buildConfigurationList = 673F224C1B90BE6C00C58285 /* Build configuration list for PBXNativeTarget "YUDBObjectSampleTests" */;
			buildPhases = (
				673F223B1B90BE6C00C58285 /* Sources */,
				673F223C1B90BE6C00C58285 /* Frameworks */,
				673F223D1B90BE6C00C58285 /* Resources */,
			);
			buildRules = (
			);
			dependencies = (
				673F22411B90BE6C00C58285 /* PBXTargetDependency */,
			);
			name = YUDBObjectSampleTests;
			productName = YUDBObjectSampleTests;
			productReference = 673F223F1B90BE6C00C58285 /* YUDBObjectSampleTests.xctest */;
			productType = "com.apple.product-type.bundle.unit-test";
		};
/* End PBXNativeTarget section */

/* Begin PBXProject section */
		673F221E1B90BE6C00C58285 /* Project object */ = {
			isa = PBXProject;
			attributes = {
				LastUpgradeCheck = 0640;
				ORGANIZATIONNAME = BruceYu;
				TargetAttributes = {
					673F22251B90BE6C00C58285 = {
						CreatedOnToolsVersion = 6.4;
					};
					673F223E1B90BE6C00C58285 = {
						CreatedOnToolsVersion = 6.4;
						TestTargetID = 673F22251B90BE6C00C58285;
					};
				};
			};
			buildConfigurationList = 673F22211B90BE6C00C58285 /* Build configuration list for PBXProject "YUDBObjectSample" */;
			compatibilityVersion = "Xcode 3.2";
			developmentRegion = English;
			hasScannedForEncodings = 0;
			knownRegions = (
				en,
				Base,
			);
			mainGroup = 673F221D1B90BE6C00C58285;
			productRefGroup = 673F22271B90BE6C00C58285 /* Products */;
			projectDirPath = "";
			projectRoot = "";
			targets = (
				673F22251B90BE6C00C58285 /* YUDBObjectSample */,
				673F223E1B90BE6C00C58285 /* YUDBObjectSampleTests */,
			);
		};
/* End PBXProject section */

/* Begin PBXResourcesBuildPhase section */
		673F22241B90BE6C00C58285 /* Resources */ = {
			isa = PBXResourcesBuildPhase;
			buildActionMask = 2147483647;
			files = (
				673F22351B90BE6C00C58285 /* Main.storyboard in Resources */,
				673F223A1B90BE6C00C58285 /* LaunchScreen.xib in Resources */,
				673F22371B90BE6C00C58285 /* Images.xcassets in Resources */,
			);
			runOnlyForDeploymentPostprocessing = 0;
		};
		673F223D1B90BE6C00C58285 /* Resources */ = {
			isa = PBXResourcesBuildPhase;
			buildActionMask = 2147483647;
			files = (
			);
			runOnlyForDeploymentPostprocessing = 0;
		};
/* End PBXResourcesBuildPhase section */

/* Begin PBXSourcesBuildPhase section */
		673F22221B90BE6C00C58285 /* Sources */ = {
			isa = PBXSourcesBuildPhase;
			buildActionMask = 2147483647;
			files = (
				673F22321B90BE6C00C58285 /* ViewController.m in Sources */,
				673F222F1B90BE6C00C58285 /* AppDelegate.m in Sources */,
				673F222C1B90BE6C00C58285 /* main.m in Sources */,
				673F22561B90C1E900C58285 /* UserInfo.m in Sources */,
				673F22551B90C1E900C58285 /* DBObj.m in Sources */,
			);
			runOnlyForDeploymentPostprocessing = 0;
		};
		673F223B1B90BE6C00C58285 /* Sources */ = {
			isa = PBXSourcesBuildPhase;
			buildActionMask = 2147483647;
			files = (
				673F22461B90BE6C00C58285 /* YUDBObjectSampleTests.m in Sources */,
			);
			runOnlyForDeploymentPostprocessing = 0;
		};
/* End PBXSourcesBuildPhase section */

/* Begin PBXTargetDependency section */
		673F22411B90BE6C00C58285 /* PBXTargetDependency */ = {
			isa = PBXTargetDependency;
			target = 673F22251B90BE6C00C58285 /* YUDBObjectSample */;
			targetProxy = 673F22401B90BE6C00C58285 /* PBXContainerItemProxy */;
		};
/* End PBXTargetDependency section */

/* Begin PBXVariantGroup section */
		673F22331B90BE6C00C58285 /* Main.storyboard */ = {
			isa = PBXVariantGroup;
			children = (
				673F22341B90BE6C00C58285 /* Base */,
			);
			name = Main.storyboard;
			sourceTree = "<group>";
		};
		673F22381B90BE6C00C58285 /* LaunchScreen.xib */ = {
			isa = PBXVariantGroup;
			children = (
				673F22391B90BE6C00C58285 /* Base */,
			);
			name = LaunchScreen.xib;
			sourceTree = "<group>";
		};
/* End PBXVariantGroup section */

/* Begin XCBuildConfiguration section */
		673F22471B90BE6C00C58285 /* Debug */ = {
			isa = XCBuildConfiguration;
			buildSettings = {
				ALWAYS_SEARCH_USER_PATHS = NO;
				CLANG_CXX_LANGUAGE_STANDARD = "gnu++0x";
				CLANG_CXX_LIBRARY = "libc++";
				CLANG_ENABLE_MODULES = YES;
				CLANG_ENABLE_OBJC_ARC = YES;
				CLANG_WARN_BOOL_CONVERSION = YES;
				CLANG_WARN_CONSTANT_CONVERSION = YES;
				CLANG_WARN_DIRECT_OBJC_ISA_USAGE = YES_ERROR;
				CLANG_WARN_EMPTY_BODY = YES;
				CLANG_WARN_ENUM_CONVERSION = YES;
				CLANG_WARN_INT_CONVERSION = YES;
				CLANG_WARN_OBJC_ROOT_CLASS = YES_ERROR;
				CLANG_WARN_UNREACHABLE_CODE = YES;
				CLANG_WARN__DUPLICATE_METHOD_MATCH = YES;
				"CODE_SIGN_IDENTITY[sdk=iphoneos*]" = "iPhone Developer";
				COPY_PHASE_STRIP = NO;
				DEBUG_INFORMATION_FORMAT = "dwarf-with-dsym";
				ENABLE_STRICT_OBJC_MSGSEND = YES;
				GCC_C_LANGUAGE_STANDARD = gnu99;
				GCC_DYNAMIC_NO_PIC = NO;
				GCC_NO_COMMON_BLOCKS = YES;
				GCC_OPTIMIZATION_LEVEL = 0;
				GCC_PREPROCESSOR_DEFINITIONS = (
					"DEBUG=1",
					"$(inherited)",
				);
				GCC_SYMBOLS_PRIVATE_EXTERN = NO;
				GCC_WARN_64_TO_32_BIT_CONVERSION = YES;
				GCC_WARN_ABOUT_RETURN_TYPE = YES_ERROR;
				GCC_WARN_UNDECLARED_SELECTOR = YES;
				GCC_WARN_UNINITIALIZED_AUTOS = YES_AGGRESSIVE;
				GCC_WARN_UNUSED_FUNCTION = YES;
				GCC_WARN_UNUSED_VARIABLE = YES;
				IPHONEOS_DEPLOYMENT_TARGET = 8.4;
				MTL_ENABLE_DEBUG_INFO = YES;
				ONLY_ACTIVE_ARCH = YES;
				SDKROOT = iphoneos;
			};
			name = Debug;
		};
		673F22481B90BE6C00C58285 /* Release */ = {
			isa = XCBuildConfiguration;
			buildSettings = {
				ALWAYS_SEARCH_USER_PATHS = NO;
				CLANG_CXX_LANGUAGE_STANDARD = "gnu++0x";
				CLANG_CXX_LIBRARY = "libc++";
				CLANG_ENABLE_MODULES = YES;
				CLANG_ENABLE_OBJC_ARC = YES;
				CLANG_WARN_BOOL_CONVERSION = YES;
				CLANG_WARN_CONSTANT_CONVERSION = YES;
				CLANG_WARN_DIRECT_OBJC_ISA_USAGE = YES_ERROR;
				CLANG_WARN_EMPTY_BODY = YES;
				CLANG_WARN_ENUM_CONVERSION = YES;
				CLANG_WARN_INT_CONVERSION = YES;
				CLANG_WARN_OBJC_ROOT_CLASS = YES_ERROR;
				CLANG_WARN_UNREACHABLE_CODE = YES;
				CLANG_WARN__DUPLICATE_METHOD_MATCH = YES;
				"CODE_SIGN_IDENTITY[sdk=iphoneos*]" = "iPhone Developer";
				COPY_PHASE_STRIP = NO;
				DEBUG_INFORMATION_FORMAT = "dwarf-with-dsym";
				ENABLE_NS_ASSERTIONS = NO;
				ENABLE_STRICT_OBJC_MSGSEND = YES;
				GCC_C_LANGUAGE_STANDARD = gnu99;
				GCC_NO_COMMON_BLOCKS = YES;
				GCC_WARN_64_TO_32_BIT_CONVERSION = YES;
				GCC_WARN_ABOUT_RETURN_TYPE = YES_ERROR;
				GCC_WARN_UNDECLARED_SELECTOR = YES;
				GCC_WARN_UNINITIALIZED_AUTOS = YES_AGGRESSIVE;
				GCC_WARN_UNUSED_FUNCTION = YES;
				GCC_WARN_UNUSED_VARIABLE = YES;
				IPHONEOS_DEPLOYMENT_TARGET = 8.4;
				MTL_ENABLE_DEBUG_INFO = NO;
				SDKROOT = iphoneos;
				VALIDATE_PRODUCT = YES;
			};
			name = Release;
		};
		673F224A1B90BE6C00C58285 /* Debug */ = {
			isa = XCBuildConfiguration;
			buildSettings = {
				ASSETCATALOG_COMPILER_APPICON_NAME = AppIcon;
				FRAMEWORK_SEARCH_PATHS = (
					"$(inherited)",
					"$(PROJECT_DIR)/YUDBObjectSample",
				);
				INFOPLIST_FILE = YUDBObjectSample/Info.plist;
				LD_RUNPATH_SEARCH_PATHS = "$(inherited) @executable_path/Frameworks";
				PRODUCT_NAME = "$(TARGET_NAME)";
			};
			name = Debug;
		};
		673F224B1B90BE6C00C58285 /* Release */ = {
			isa = XCBuildConfiguration;
			buildSettings = {
				ASSETCATALOG_COMPILER_APPICON_NAME = AppIcon;
				FRAMEWORK_SEARCH_PATHS = (
					"$(inherited)",
					"$(PROJECT_DIR)/YUDBObjectSample",
				);
				INFOPLIST_FILE = YUDBObjectSample/Info.plist;
				LD_RUNPATH_SEARCH_PATHS = "$(inherited) @executable_path/Frameworks";
				PRODUCT_NAME = "$(TARGET_NAME)";
			};
			name = Release;
		};
		673F224D1B90BE6C00C58285 /* Debug */ = {
			isa = XCBuildConfiguration;
			buildSettings = {
				BUNDLE_LOADER = "$(TEST_HOST)";
				FRAMEWORK_SEARCH_PATHS = (
					"$(SDKROOT)/Developer/Library/Frameworks",
					"$(inherited)",
				);
				GCC_PREPROCESSOR_DEFINITIONS = (
					"DEBUG=1",
					"$(inherited)",
				);
				INFOPLIST_FILE = YUDBObjectSampleTests/Info.plist;
				LD_RUNPATH_SEARCH_PATHS = "$(inherited) @executable_path/Frameworks @loader_path/Frameworks";
				PRODUCT_NAME = "$(TARGET_NAME)";
				TEST_HOST = "$(BUILT_PRODUCTS_DIR)/YUDBObjectSample.app/YUDBObjectSample";
			};
			name = Debug;
		};
		673F224E1B90BE6C00C58285 /* Release */ = {
			isa = XCBuildConfiguration;
			buildSettings = {
				BUNDLE_LOADER = "$(TEST_HOST)";
				FRAMEWORK_SEARCH_PATHS = (
					"$(SDKROOT)/Developer/Library/Frameworks",
					"$(inherited)",
				);
				INFOPLIST_FILE = YUDBObjectSampleTests/Info.plist;
				LD_RUNPATH_SEARCH_PATHS = "$(inherited) @executable_path/Frameworks @loader_path/Frameworks";
				PRODUCT_NAME = "$(TARGET_NAME)";
				TEST_HOST = "$(BUILT_PRODUCTS_DIR)/YUDBObjectSample.app/YUDBObjectSample";
			};
			name = Release;
		};
/* End XCBuildConfiguration section */

/* Begin XCConfigurationList section */
		673F22211B90BE6C00C58285 /* Build configuration list for PBXProject "YUDBObjectSample" */ = {
			isa = XCConfigurationList;
			buildConfigurations = (
				673F22471B90BE6C00C58285 /* Debug */,
				673F22481B90BE6C00C58285 /* Release */,
			);
			defaultConfigurationIsVisible = 0;
			defaultConfigurationName = Release;
		};
		673F22491B90BE6C00C58285 /* Build configuration list for PBXNativeTarget "YUDBObjectSample" */ = {
			isa = XCConfigurationList;
			buildConfigurations = (
				673F224A1B90BE6C00C58285 /* Debug */,
				673F224B1B90BE6C00C58285 /* Release */,
			);
			defaultConfigurationIsVisible = 0;
			defaultConfigurationName = Release;
		};
		673F224C1B90BE6C00C58285 /* Build configuration list for PBXNativeTarget "YUDBObjectSampleTests" */ = {
			isa = XCConfigurationList;
			buildConfigurations = (
				673F224D1B90BE6C00C58285 /* Debug */,
				673F224E1B90BE6C00C58285 /* Release */,
			);
			defaultConfigurationIsVisible = 0;
			defaultConfigurationName = Release;
		};
/* End XCConfigurationList section */
	};
	rootObject = 673F221E1B90BE6C00C58285 /* Project object */;
}
