// !$*UTF8*$!
{
	archiveVersion = 1;
	classes = {
	};
	objectVersion = 46;
	objects = {

/* Begin PBXBuildFile section */
		181269941B8C3C1400B91904 /* libsqlite3.dylib in Frameworks */ = {isa = PBXBuildFile; fileRef = 181269931B8C3C1400B91904 /* libsqlite3.dylib */; };
		1864FB281B86F67800734DD6 /* main.m in Sources */ = {isa = PBXBuildFile; fileRef = 1864FB271B86F67800734DD6 /* main.m */; };
		1864FB2B1B86F67800734DD6 /* AppDelegate.m in Sources */ = {isa = PBXBuildFile; fileRef = 1864FB2A1B86F67800734DD6 /* AppDelegate.m */; };
		1864FB2E1B86F67800734DD6 /* ViewController.m in Sources */ = {isa = PBXBuildFile; fileRef = 1864FB2D1B86F67800734DD6 /* ViewController.m */; };
		1864FB311B86F67800734DD6 /* Main.storyboard in Resources */ = {isa = PBXBuildFile; fileRef = 1864FB2F1B86F67800734DD6 /* Main.storyboard */; };
		1864FB331B86F67800734DD6 /* Images.xcassets in Resources */ = {isa = PBXBuildFile; fileRef = 1864FB321B86F67800734DD6 /* Images.xcassets */; };
		1864FB361B86F67800734DD6 /* LaunchScreen.xib in Resources */ = {isa = PBXBuildFile; fileRef = 1864FB341B86F67800734DD6 /* LaunchScreen.xib */; };
		1864FBFB1B871B3A00734DD6 /* DBObj.m in Sources */ = {isa = PBXBuildFile; fileRef = 1864FBF81B871B3A00734DD6 /* DBObj.m */; };
		1864FBFC1B871B3A00734DD6 /* UserInfo.m in Sources */ = {isa = PBXBuildFile; fileRef = 1864FBFA1B871B3A00734DD6 /* UserInfo.m */; };
/* End PBXBuildFile section */

/* Begin PBXFileReference section */
		181269931B8C3C1400B91904 /* libsqlite3.dylib */ = {isa = PBXFileReference; lastKnownFileType = "compiled.mach-o.dylib"; name = libsqlite3.dylib; path = usr/lib/libsqlite3.dylib; sourceTree = SDKROOT; };
		1864FB221B86F67800734DD6 /* YUDBObjectSample.app */ = {isa = PBXFileReference; explicitFileType = wrapper.application; includeInIndex = 0; path = YUDBObjectSample.app; sourceTree = BUILT_PRODUCTS_DIR; };
		1864FB261B86F67800734DD6 /* Info.plist */ = {isa = PBXFileReference; lastKnownFileType = text.plist.xml; path = Info.plist; sourceTree = "<group>"; };
		1864FB271B86F67800734DD6 /* main.m */ = {isa = PBXFileReference; lastKnownFileType = sourcecode.c.objc; path = main.m; sourceTree = "<group>"; };
		1864FB291B86F67800734DD6 /* AppDelegate.h */ = {isa = PBXFileReference; lastKnownFileType = sourcecode.c.h; path = AppDelegate.h; sourceTree = "<group>"; };
		1864FB2A1B86F67800734DD6 /* AppDelegate.m */ = {isa = PBXFileReference; lastKnownFileType = sourcecode.c.objc; path = AppDelegate.m; sourceTree = "<group>"; };
		1864FB2C1B86F67800734DD6 /* ViewController.h */ = {isa = PBXFileReference; lastKnownFileType = sourcecode.c.h; path = ViewController.h; sourceTree = "<group>"; };
		1864FB2D1B86F67800734DD6 /* ViewController.m */ = {isa = PBXFileReference; lastKnownFileType = sourcecode.c.objc; path = ViewController.m; sourceTree = "<group>"; };
		1864FB301B86F67800734DD6 /* Base */ = {isa = PBXFileReference; lastKnownFileType = file.storyboard; name = Base; path = Base.lproj/Main.storyboard; sourceTree = "<group>"; };
		1864FB321B86F67800734DD6 /* Images.xcassets */ = {isa = PBXFileReference; lastKnownFileType = folder.assetcatalog; path = Images.xcassets; sourceTree = "<group>"; };
		1864FB351B86F67800734DD6 /* Base */ = {isa = PBXFileReference; lastKnownFileType = file.xib; name = Base; path = Base.lproj/LaunchScreen.xib; sourceTree = "<group>"; };
		1864FBF71B871B3A00734DD6 /* DBObj.h */ = {isa = PBXFileReference; fileEncoding = 4; lastKnownFileType = sourcecode.c.h; path = DBObj.h; sourceTree = "<group>"; };
		1864FBF81B871B3A00734DD6 /* DBObj.m */ = {isa = PBXFileReference; fileEncoding = 4; lastKnownFileType = sourcecode.c.objc; path = DBObj.m; sourceTree = "<group>"; };
		1864FBF91B871B3A00734DD6 /* UserInfo.h */ = {isa = PBXFileReference; fileEncoding = 4; lastKnownFileType = sourcecode.c.h; path = UserInfo.h; sourceTree = "<group>"; };
		1864FBFA1B871B3A00734DD6 /* UserInfo.m */ = {isa = PBXFileReference; fileEncoding = 4; lastKnownFileType = sourcecode.c.objc; path = UserInfo.m; sourceTree = "<group>"; };
/* End PBXFileReference section */

/* Begin PBXFrameworksBuildPhase section */
		1864FB1F1B86F67800734DD6 /* Frameworks */ = {
			isa = PBXFrameworksBuildPhase;
			buildActionMask = 2147483647;
			files = (
				181269941B8C3C1400B91904 /* libsqlite3.dylib in Frameworks */,
			);
			runOnlyForDeploymentPostprocessing = 0;
		};
/* End PBXFrameworksBuildPhase section */

/* Begin PBXGroup section */
		1864FB191B86F67800734DD6 = {
			isa = PBXGroup;
			children = (
				181269931B8C3C1400B91904 /* libsqlite3.dylib */,
				1864FB241B86F67800734DD6 /* YUDBObjectSample */,
				1864FB231B86F67800734DD6 /* Products */,
			);
			sourceTree = "<group>";
		};
		1864FB231B86F67800734DD6 /* Products */ = {
			isa = PBXGroup;
			children = (
				1864FB221B86F67800734DD6 /* YUDBObjectSample.app */,
			);
			name = Products;
			sourceTree = "<group>";
		};
		1864FB241B86F67800734DD6 /* YUDBObjectSample */ = {
			isa = PBXGroup;
			children = (
				1864FBEE1B871A7D00734DD6 /* YUDBFramework */,
				1864FB291B86F67800734DD6 /* AppDelegate.h */,
				1864FB2A1B86F67800734DD6 /* AppDelegate.m */,
				1864FB2C1B86F67800734DD6 /* ViewController.h */,
				1864FB2D1B86F67800734DD6 /* ViewController.m */,
				1864FBF71B871B3A00734DD6 /* DBObj.h */,
				1864FBF81B871B3A00734DD6 /* DBObj.m */,
				1864FBF91B871B3A00734DD6 /* UserInfo.h */,
				1864FBFA1B871B3A00734DD6 /* UserInfo.m */,
				1864FB2F1B86F67800734DD6 /* Main.storyboard */,
				1864FB321B86F67800734DD6 /* Images.xcassets */,
				1864FB341B86F67800734DD6 /* LaunchScreen.xib */,
				1864FB251B86F67800734DD6 /* Supporting Files */,
			);
			path = YUDBObjectSample;
			sourceTree = "<group>";
		};
		1864FB251B86F67800734DD6 /* Supporting Files */ = {
			isa = PBXGroup;
			children = (
				1864FB261B86F67800734DD6 /* Info.plist */,
				1864FB271B86F67800734DD6 /* main.m */,
			);
			name = "Supporting Files";
			sourceTree = "<group>";
		};
		1864FBEE1B871A7D00734DD6 /* YUDBFramework */ = {
			isa = PBXGroup;
			children = (
			);
			path = YUDBFramework;
			sourceTree = "<group>";
		};
/* End PBXGroup section */

/* Begin PBXNativeTarget section */
		1864FB211B86F67800734DD6 /* YUDBObjectSample */ = {
			isa = PBXNativeTarget;
			buildConfigurationList = 1864FB451B86F67800734DD6 /* Build configuration list for PBXNativeTarget "YUDBObjectSample" */;
			buildPhases = (
				1864FB1E1B86F67800734DD6 /* Sources */,
				1864FB1F1B86F67800734DD6 /* Frameworks */,
				1864FB201B86F67800734DD6 /* Resources */,
			);
			buildRules = (
			);
			dependencies = (
			);
			name = YUDBObjectSample;
			productName = YUDBObjectSample;
			productReference = 1864FB221B86F67800734DD6 /* YUDBObjectSample.app */;
			productType = "com.apple.product-type.application";
		};
/* End PBXNativeTarget section */

/* Begin PBXProject section */
		1864FB1A1B86F67800734DD6 /* Project object */ = {
			isa = PBXProject;
			attributes = {
				LastUpgradeCheck = 0640;
				ORGANIZATIONNAME = BruceYu;
				TargetAttributes = {
					1864FB211B86F67800734DD6 = {
						CreatedOnToolsVersion = 6.4;
					};
				};
			};
			buildConfigurationList = 1864FB1D1B86F67800734DD6 /* Build configuration list for PBXProject "YUDBObjectSample" */;
			compatibilityVersion = "Xcode 3.2";
			developmentRegion = English;
			hasScannedForEncodings = 0;
			knownRegions = (
				en,
				Base,
			);
			mainGroup = 1864FB191B86F67800734DD6;
			productRefGroup = 1864FB231B86F67800734DD6 /* Products */;
			projectDirPath = "";
			projectRoot = "";
			targets = (
				1864FB211B86F67800734DD6 /* YUDBObjectSample */,
			);
		};
/* End PBXProject section */

/* Begin PBXResourcesBuildPhase section */
		1864FB201B86F67800734DD6 /* Resources */ = {
			isa = PBXResourcesBuildPhase;
			buildActionMask = 2147483647;
			files = (
				1864FB311B86F67800734DD6 /* Main.storyboard in Resources */,
				1864FB361B86F67800734DD6 /* LaunchScreen.xib in Resources */,
				1864FB331B86F67800734DD6 /* Images.xcassets in Resources */,
			);
			runOnlyForDeploymentPostprocessing = 0;
		};
/* End PBXResourcesBuildPhase section */

/* Begin PBXSourcesBuildPhase section */
		1864FB1E1B86F67800734DD6 /* Sources */ = {
			isa = PBXSourcesBuildPhase;
			buildActionMask = 2147483647;
			files = (
				1864FB2E1B86F67800734DD6 /* ViewController.m in Sources */,
				1864FB2B1B86F67800734DD6 /* AppDelegate.m in Sources */,
				1864FB281B86F67800734DD6 /* main.m in Sources */,
				1864FBFC1B871B3A00734DD6 /* UserInfo.m in Sources */,
				1864FBFB1B871B3A00734DD6 /* DBObj.m in Sources */,
			);
			runOnlyForDeploymentPostprocessing = 0;
		};
/* End PBXSourcesBuildPhase section */

/* Begin PBXVariantGroup section */
		1864FB2F1B86F67800734DD6 /* Main.storyboard */ = {
			isa = PBXVariantGroup;
			children = (
				1864FB301B86F67800734DD6 /* Base */,
			);
			name = Main.storyboard;
			sourceTree = "<group>";
		};
		1864FB341B86F67800734DD6 /* LaunchScreen.xib */ = {
			isa = PBXVariantGroup;
			children = (
				1864FB351B86F67800734DD6 /* Base */,
			);
			name = LaunchScreen.xib;
			sourceTree = "<group>";
		};
/* End PBXVariantGroup section */

/* Begin XCBuildConfiguration section */
		1864FB431B86F67800734DD6 /* Debug */ = {
			isa = XCBuildConfiguration;
			buildSettings = {
				ALWAYS_SEARCH_USER_PATHS = NO;
				CLANG_CXX_LANGUAGE_STANDARD = "gnu++0x";
				CLANG_CXX_LIBRARY = "libc++";
				CLANG_ENABLE_MODULES = YES;
				CLANG_ENABLE_OBJC_ARC = YES;
				CLANG_WARN_BOOL_CONVERSION = YES;
				CLANG_WARN_CONSTANT_CONVERSION = YES;
				CLANG_WARN_DIRECT_OBJC_ISA_USAGE = YES_ERROR;
				CLANG_WARN_EMPTY_BODY = YES;
				CLANG_WARN_ENUM_CONVERSION = YES;
				CLANG_WARN_INT_CONVERSION = YES;
				CLANG_WARN_OBJC_ROOT_CLASS = YES_ERROR;
				CLANG_WARN_UNREACHABLE_CODE = YES;
				CLANG_WARN__DUPLICATE_METHOD_MATCH = YES;
				"CODE_SIGN_IDENTITY[sdk=iphoneos*]" = "iPhone Developer";
				COPY_PHASE_STRIP = NO;
				DEBUG_INFORMATION_FORMAT = "dwarf-with-dsym";
				ENABLE_STRICT_OBJC_MSGSEND = YES;
				GCC_C_LANGUAGE_STANDARD = gnu99;
				GCC_DYNAMIC_NO_PIC = NO;
				GCC_NO_COMMON_BLOCKS = YES;
				GCC_OPTIMIZATION_LEVEL = 0;
				GCC_PREPROCESSOR_DEFINITIONS = (
					"DEBUG=1",
					"$(inherited)",
				);
				GCC_SYMBOLS_PRIVATE_EXTERN = NO;
				GCC_WARN_64_TO_32_BIT_CONVERSION = YES;
				GCC_WARN_ABOUT_RETURN_TYPE = YES_ERROR;
				GCC_WARN_UNDECLARED_SELECTOR = YES;
				GCC_WARN_UNINITIALIZED_AUTOS = YES_AGGRESSIVE;
				GCC_WARN_UNUSED_FUNCTION = YES;
				GCC_WARN_UNUSED_VARIABLE = YES;
				IPHONEOS_DEPLOYMENT_TARGET = 8.4;
				MTL_ENABLE_DEBUG_INFO = YES;
				ONLY_ACTIVE_ARCH = YES;
				SDKROOT = iphoneos;
			};
			name = Debug;
		};
		1864FB441B86F67800734DD6 /* Release */ = {
			isa = XCBuildConfiguration;
			buildSettings = {
				ALWAYS_SEARCH_USER_PATHS = NO;
				CLANG_CXX_LANGUAGE_STANDARD = "gnu++0x";
				CLANG_CXX_LIBRARY = "libc++";
				CLANG_ENABLE_MODULES = YES;
				CLANG_ENABLE_OBJC_ARC = YES;
				CLANG_WARN_BOOL_CONVERSION = YES;
				CLANG_WARN_CONSTANT_CONVERSION = YES;
				CLANG_WARN_DIRECT_OBJC_ISA_USAGE = YES_ERROR;
				CLANG_WARN_EMPTY_BODY = YES;
				CLANG_WARN_ENUM_CONVERSION = YES;
				CLANG_WARN_INT_CONVERSION = YES;
				CLANG_WARN_OBJC_ROOT_CLASS = YES_ERROR;
				CLANG_WARN_UNREACHABLE_CODE = YES;
				CLANG_WARN__DUPLICATE_METHOD_MATCH = YES;
				"CODE_SIGN_IDENTITY[sdk=iphoneos*]" = "iPhone Developer";
				COPY_PHASE_STRIP = NO;
				DEBUG_INFORMATION_FORMAT = "dwarf-with-dsym";
				ENABLE_NS_ASSERTIONS = NO;
				ENABLE_STRICT_OBJC_MSGSEND = YES;
				GCC_C_LANGUAGE_STANDARD = gnu99;
				GCC_NO_COMMON_BLOCKS = YES;
				GCC_WARN_64_TO_32_BIT_CONVERSION = YES;
				GCC_WARN_ABOUT_RETURN_TYPE = YES_ERROR;
				GCC_WARN_UNDECLARED_SELECTOR = YES;
				GCC_WARN_UNINITIALIZED_AUTOS = YES_AGGRESSIVE;
				GCC_WARN_UNUSED_FUNCTION = YES;
				GCC_WARN_UNUSED_VARIABLE = YES;
				IPHONEOS_DEPLOYMENT_TARGET = 8.4;
				MTL_ENABLE_DEBUG_INFO = NO;
				SDKROOT = iphoneos;
				VALIDATE_PRODUCT = YES;
			};
			name = Release;
		};
		1864FB461B86F67800734DD6 /* Debug */ = {
			isa = XCBuildConfiguration;
			buildSettings = {
				ASSETCATALOG_COMPILER_APPICON_NAME = AppIcon;
				FRAMEWORK_SEARCH_PATHS = (
					"$(inherited)",
					"$(PROJECT_DIR)/YUDBObjectSample/YUDBFramework",
				);
				INFOPLIST_FILE = YUDBObjectSample/Info.plist;
				LD_RUNPATH_SEARCH_PATHS = "$(inherited) @executable_path/Frameworks";
				LIBRARY_SEARCH_PATHS = (
					"$(inherited)",
					"$(PROJECT_DIR)/YUDBObjectSample/YUDBFramework",
				);
				OTHER_LDFLAGS = "-all_load";
				PRODUCT_NAME = "$(TARGET_NAME)";
			};
			name = Debug;
		};
		1864FB471B86F67800734DD6 /* Release */ = {
			isa = XCBuildConfiguration;
			buildSettings = {
				ASSETCATALOG_COMPILER_APPICON_NAME = AppIcon;
				FRAMEWORK_SEARCH_PATHS = (
					"$(inherited)",
					"$(PROJECT_DIR)/YUDBObjectSample/YUDBFramework",
				);
				INFOPLIST_FILE = YUDBObjectSample/Info.plist;
				LD_RUNPATH_SEARCH_PATHS = "$(inherited) @executable_path/Frameworks";
				LIBRARY_SEARCH_PATHS = (
					"$(inherited)",
					"$(PROJECT_DIR)/YUDBObjectSample/YUDBFramework",
				);
				OTHER_LDFLAGS = "-all_load";
				PRODUCT_NAME = "$(TARGET_NAME)";
			};
			name = Release;
		};
/* End XCBuildConfiguration section */

/* Begin XCConfigurationList section */
		1864FB1D1B86F67800734DD6 /* Build configuration list for PBXProject "YUDBObjectSample" */ = {
			isa = XCConfigurationList;
			buildConfigurations = (
				1864FB431B86F67800734DD6 /* Debug */,
				1864FB441B86F67800734DD6 /* Release */,
			);
			defaultConfigurationIsVisible = 0;
			defaultConfigurationName = Release;
		};
		1864FB451B86F67800734DD6 /* Build configuration list for PBXNativeTarget "YUDBObjectSample" */ = {
			isa = XCConfigurationList;
			buildConfigurations = (
				1864FB461B86F67800734DD6 /* Debug */,
				1864FB471B86F67800734DD6 /* Release */,
			);
			defaultConfigurationIsVisible = 0;
			defaultConfigurationName = Release;
		};
/* End XCConfigurationList section */
	};
	rootObject = 1864FB1A1B86F67800734DD6 /* Project object */;
}
